
Microsoft Visual Studio Solution File, Format Version 12.00
# Visual Studio Version 17
VisualStudioVersion = 17.8.34330.188
MinimumVisualStudioVersion = 10.0.40219.1
Project("{FAE04EC0-301F-11D3-BF4B-00C04F79EFBC}") = "SistemaGestionEntities", "SistemaGestionEntities\SistemaGestionEntities.csproj", "{D0B7A441-ED93-4BE9-8F19-AF2CCE6C73F3}"
EndProject
Project("{FAE04EC0-301F-11D3-BF4B-00C04F79EFBC}") = "SistemaGestionData", "SistemaGestionData\SistemaGestionData.csproj", "{49075F96-F8E5-4809-A7D2-701706AB7CE3}"
EndProject
Project("{FAE04EC0-301F-11D3-BF4B-00C04F79EFBC}") = "SistemaGestionBussiness", "SistemaGestionBussiness\SistemaGestionBussiness.csproj", "{D7B7A8D4-3319-4290-81DA-01F9B68B51E6}"
EndProject
Global
	GlobalSection(SolutionConfigurationPlatforms) = preSolution
		Debug|Any CPU = Debug|Any CPU
		Release|Any CPU = Release|Any CPU
	EndGlobalSection
	GlobalSection(ProjectConfigurationPlatforms) = postSolution
		{D0B7A441-ED93-4BE9-8F19-AF2CCE6C73F3}.Debug|Any CPU.ActiveCfg = Debug|Any CPU
		{D0B7A441-ED93-4BE9-8F19-AF2CCE6C73F3}.Debug|Any CPU.Build.0 = Debug|Any CPU
		{D0B7A441-ED93-4BE9-8F19-AF2CCE6C73F3}.Release|Any CPU.ActiveCfg = Release|Any CPU
		{D0B7A441-ED93-4BE9-8F19-AF2CCE6C73F3}.Release|Any CPU.Build.0 = Release|Any CPU
		{49075F96-F8E5-4809-A7D2-701706AB7CE3}.Debug|Any CPU.ActiveCfg = Debug|Any CPU
		{49075F96-F8E5-4809-A7D2-701706AB7CE3}.Debug|Any CPU.Build.0 = Debug|Any CPU
		{49075F96-F8E5-4809-A7D2-701706AB7CE3}.Release|Any CPU.ActiveCfg = Release|Any CPU
		{49075F96-F8E5-4809-A7D2-701706AB7CE3}.Release|Any CPU.Build.0 = Release|Any CPU
		{D7B7A8D4-3319-4290-81DA-01F9B68B51E6}.Debug|Any CPU.ActiveCfg = Debug|Any CPU
		{D7B7A8D4-3319-4290-81DA-01F9B68B51E6}.Debug|Any CPU.Build.0 = Debug|Any CPU
		{D7B7A8D4-3319-4290-81DA-01F9B68B51E6}.Release|Any CPU.ActiveCfg = Release|Any CPU
		{D7B7A8D4-3319-4290-81DA-01F9B68B51E6}.Release|Any CPU.Build.0 = Release|Any CPU
	EndGlobalSection
	GlobalSection(SolutionProperties) = preSolution
		HideSolutionNode = FALSE
	EndGlobalSection
	GlobalSection(ExtensibilityGlobals) = postSolution
		SolutionGuid = {47648BB0-CEFA-4C32-9C34-F61E9BC19105}
	EndGlobalSection
EndGlobal
